// !$*UTF8*$!
{
	archiveVersion = 1;
	classes = {
	};
	objectVersion = 51;
	objects = {

/* Begin PBXBuildFile section */
		DAE193327BB35B599D01A79A /* Pods_FireBaseDemo8.framework in Frameworks */ = {isa = PBXBuildFile; fileRef = B24362C5E5E9D9F2B50DDC29 /* Pods_FireBaseDemo8.framework */; };
		ED64479326E4030500CC19C5 /* AppDelegate.swift in Sources */ = {isa = PBXBuildFile; fileRef = ED64479226E4030500CC19C5 /* AppDelegate.swift */; };
		ED64479526E4030500CC19C5 /* SceneDelegate.swift in Sources */ = {isa = PBXBuildFile; fileRef = ED64479426E4030500CC19C5 /* SceneDelegate.swift */; };
		ED64479726E4030500CC19C5 /* ViewController.swift in Sources */ = {isa = PBXBuildFile; fileRef = ED64479626E4030500CC19C5 /* ViewController.swift */; };
		ED64479A26E4030500CC19C5 /* Main.storyboard in Resources */ = {isa = PBXBuildFile; fileRef = ED64479826E4030500CC19C5 /* Main.storyboard */; };
		ED64479C26E4030700CC19C5 /* Assets.xcassets in Resources */ = {isa = PBXBuildFile; fileRef = ED64479B26E4030700CC19C5 /* Assets.xcassets */; };
		ED64479F26E4030700CC19C5 /* LaunchScreen.storyboard in Resources */ = {isa = PBXBuildFile; fileRef = ED64479D26E4030700CC19C5 /* LaunchScreen.storyboard */; };
		ED6447A826E4035600CC19C5 /* GoogleService-Info.plist in Resources */ = {isa = PBXBuildFile; fileRef = ED6447A726E4035600CC19C5 /* GoogleService-Info.plist */; };
/* End PBXBuildFile section */

/* Begin PBXFileReference section */
		523979B97F917BEE51728D86 /* Pods-FireBaseDemo8.debug.xcconfig */ = {isa = PBXFileReference; includeInIndex = 1; lastKnownFileType = text.xcconfig; name = "Pods-FireBaseDemo8.debug.xcconfig"; path = "Target Support Files/Pods-FireBaseDemo8/Pods-FireBaseDemo8.debug.xcconfig"; sourceTree = "<group>"; };
		B24362C5E5E9D9F2B50DDC29 /* Pods_FireBaseDemo8.framework */ = {isa = PBXFileReference; explicitFileType = wrapper.framework; includeInIndex = 0; path = Pods_FireBaseDemo8.framework; sourceTree = BUILT_PRODUCTS_DIR; };
		C81A982A34B108631592A2AB /* Pods-FireBaseDemo8.release.xcconfig */ = {isa = PBXFileReference; includeInIndex = 1; lastKnownFileType = text.xcconfig; name = "Pods-FireBaseDemo8.release.xcconfig"; path = "Target Support Files/Pods-FireBaseDemo8/Pods-FireBaseDemo8.release.xcconfig"; sourceTree = "<group>"; };
		ED64478F26E4030500CC19C5 /* FireBaseDemo8.app */ = {isa = PBXFileReference; explicitFileType = wrapper.application; includeInIndex = 0; path = FireBaseDemo8.app; sourceTree = BUILT_PRODUCTS_DIR; };
		ED64479226E4030500CC19C5 /* AppDelegate.swift */ = {isa = PBXFileReference; lastKnownFileType = sourcecode.swift; path = AppDelegate.swift; sourceTree = "<group>"; };
		ED64479426E4030500CC19C5 /* SceneDelegate.swift */ = {isa = PBXFileReference; lastKnownFileType = sourcecode.swift; path = SceneDelegate.swift; sourceTree = "<group>"; };
		ED64479626E4030500CC19C5 /* ViewController.swift */ = {isa = PBXFileReference; lastKnownFileType = sourcecode.swift; path = ViewController.swift; sourceTree = "<group>"; };
		ED64479926E4030500CC19C5 /* Base */ = {isa = PBXFileReference; lastKnownFileType = file.storyboard; name = Base; path = Base.lproj/Main.storyboard; sourceTree = "<group>"; };
		ED64479B26E4030700CC19C5 /* Assets.xcassets */ = {isa = PBXFileReference; lastKnownFileType = folder.assetcatalog; path = Assets.xcassets; sourceTree = "<group>"; };
		ED64479E26E4030700CC19C5 /* Base */ = {isa = PBXFileReference; lastKnownFileType = file.storyboard; name = Base; path = Base.lproj/LaunchScreen.storyboard; sourceTree = "<group>"; };
		ED6447A026E4030700CC19C5 /* Info.plist */ = {isa = PBXFileReference; lastKnownFileType = text.plist.xml; path = Info.plist; sourceTree = "<group>"; };
		ED6447A726E4035600CC19C5 /* GoogleService-Info.plist */ = {isa = PBXFileReference; fileEncoding = 4; lastKnownFileType = text.plist.xml; path = "GoogleService-Info.plist"; sourceTree = "<group>"; };
/* End PBXFileReference section */

/* Begin PBXFrameworksBuildPhase section */
		ED64478C26E4030500CC19C5 /* Frameworks */ = {
			isa = PBXFrameworksBuildPhase;
			buildActionMask = 2147483647;
			files = (
				DAE193327BB35B599D01A79A /* Pods_FireBaseDemo8.framework in Frameworks */,
			);
			runOnlyForDeploymentPostprocessing = 0;
		};
/* End PBXFrameworksBuildPhase section */

/* Begin PBXGroup section */
		6C4159E2382AC53B6D252ED3 /* Pods */ = {
			isa = PBXGroup;
			children = (
				523979B97F917BEE51728D86 /* Pods-FireBaseDemo8.debug.xcconfig */,
				C81A982A34B108631592A2AB /* Pods-FireBaseDemo8.release.xcconfig */,
			);
			path = Pods;
			sourceTree = "<group>";
		};
		84A6B11BD5B9FA3CBEF8F65C /* Frameworks */ = {
			isa = PBXGroup;
			children = (
				B24362C5E5E9D9F2B50DDC29 /* Pods_FireBaseDemo8.framework */,
			);
			name = Frameworks;
			sourceTree = "<group>";
		};
		ED64478626E4030500CC19C5 = {
			isa = PBXGroup;
			children = (
				ED64479126E4030500CC19C5 /* FireBaseDemo8 */,
				ED64479026E4030500CC19C5 /* Products */,
				6C4159E2382AC53B6D252ED3 /* Pods */,
				84A6B11BD5B9FA3CBEF8F65C /* Frameworks */,
			);
			sourceTree = "<group>";
		};
		ED64479026E4030500CC19C5 /* Products */ = {
			isa = PBXGroup;
			children = (
				ED64478F26E4030500CC19C5 /* FireBaseDemo8.app */,
			);
			name = Products;
			sourceTree = "<group>";
		};
		ED64479126E4030500CC19C5 /* FireBaseDemo8 */ = {
			isa = PBXGroup;
			children = (
				ED64479226E4030500CC19C5 /* AppDelegate.swift */,
				ED64479426E4030500CC19C5 /* SceneDelegate.swift */,
				ED64479626E4030500CC19C5 /* ViewController.swift */,
				ED64479826E4030500CC19C5 /* Main.storyboard */,
				ED64479B26E4030700CC19C5 /* Assets.xcassets */,
				ED64479D26E4030700CC19C5 /* LaunchScreen.storyboard */,
				ED6447A026E4030700CC19C5 /* Info.plist */,
				ED6447A726E4035600CC19C5 /* GoogleService-Info.plist */,
			);
			path = FireBaseDemo8;
			sourceTree = "<group>";
		};
/* End PBXGroup section */

/* Begin PBXNativeTarget section */
		ED64478E26E4030500CC19C5 /* FireBaseDemo8 */ = {
			isa = PBXNativeTarget;
			buildConfigurationList = ED6447A326E4030700CC19C5 /* Build configuration list for PBXNativeTarget "FireBaseDemo8" */;
			buildPhases = (
				97B2543C46352AC5C779E5FF /* [CP] Check Pods Manifest.lock */,
				ED64478B26E4030500CC19C5 /* Sources */,
				ED64478C26E4030500CC19C5 /* Frameworks */,
				ED64478D26E4030500CC19C5 /* Resources */,
				78E573419653A88714C5ED98 /* [CP] Embed Pods Frameworks */,
				0E966243247C5598A1BFD2C2 /* [CP] Copy Pods Resources */,
			);
			buildRules = (
			);
			dependencies = (
			);
			name = FireBaseDemo8;
			productName = FireBaseDemo8;
			productReference = ED64478F26E4030500CC19C5 /* FireBaseDemo8.app */;
			productType = "com.apple.product-type.application";
		};
/* End PBXNativeTarget section */

/* Begin PBXProject section */
		ED64478726E4030500CC19C5 /* Project object */ = {
			isa = PBXProject;
			attributes = {
				LastSwiftUpdateCheck = 1240;
				LastUpgradeCheck = 1240;
				TargetAttributes = {
					ED64478E26E4030500CC19C5 = {
						CreatedOnToolsVersion = 12.4;
					};
				};
			};
			buildConfigurationList = ED64478A26E4030500CC19C5 /* Build configuration list for PBXProject "FireBaseDemo8" */;
			compatibilityVersion = "Xcode 9.3";
			developmentRegion = en;
			hasScannedForEncodings = 0;
			knownRegions = (
				en,
				Base,
			);
			mainGroup = ED64478626E4030500CC19C5;
			productRefGroup = ED64479026E4030500CC19C5 /* Products */;
			projectDirPath = "";
			projectRoot = "";
			targets = (
				ED64478E26E4030500CC19C5 /* FireBaseDemo8 */,
			);
		};
/* End PBXProject section */

/* Begin PBXResourcesBuildPhase section */
		ED64478D26E4030500CC19C5 /* Resources */ = {
			isa = PBXResourcesBuildPhase;
			buildActionMask = 2147483647;
			files = (
				ED6447A826E4035600CC19C5 /* GoogleService-Info.plist in Resources */,
				ED64479F26E4030700CC19C5 /* LaunchScreen.storyboard in Resources */,
				ED64479C26E4030700CC19C5 /* Assets.xcassets in Resources */,
				ED64479A26E4030500CC19C5 /* Main.storyboard in Resources */,
			);
			runOnlyForDeploymentPostprocessing = 0;
		};
/* End PBXResourcesBuildPhase section */

/* Begin PBXShellScriptBuildPhase section */
		0E966243247C5598A1BFD2C2 /* [CP] Copy Pods Resources */ = {
			isa = PBXShellScriptBuildPhase;
			buildActionMask = 2147483647;
			files = (
			);
			inputFileListPaths = (
				"${PODS_ROOT}/Target Support Files/Pods-FireBaseDemo8/Pods-FireBaseDemo8-resources-${CONFIGURATION}-input-files.xcfilelist",
			);
			name = "[CP] Copy Pods Resources";
			outputFileListPaths = (
				"${PODS_ROOT}/Target Support Files/Pods-FireBaseDemo8/Pods-FireBaseDemo8-resources-${CONFIGURATION}-output-files.xcfilelist",
			);
			runOnlyForDeploymentPostprocessing = 0;
			shellPath = /bin/sh;
			shellScript = "\"${PODS_ROOT}/Target Support Files/Pods-FireBaseDemo8/Pods-FireBaseDemo8-resources.sh\"\n";
			showEnvVarsInLog = 0;
		};
		78E573419653A88714C5ED98 /* [CP] Embed Pods Frameworks */ = {
			isa = PBXShellScriptBuildPhase;
			buildActionMask = 2147483647;
			files = (
			);
			inputFileListPaths = (
				"${PODS_ROOT}/Target Support Files/Pods-FireBaseDemo8/Pods-FireBaseDemo8-frameworks-${CONFIGURATION}-input-files.xcfilelist",
			);
			name = "[CP] Embed Pods Frameworks";
			outputFileListPaths = (
				"${PODS_ROOT}/Target Support Files/Pods-FireBaseDemo8/Pods-FireBaseDemo8-frameworks-${CONFIGURATION}-output-files.xcfilelist",
			);
			runOnlyForDeploymentPostprocessing = 0;
			shellPath = /bin/sh;
			shellScript = "\"${PODS_ROOT}/Target Support Files/Pods-FireBaseDemo8/Pods-FireBaseDemo8-frameworks.sh\"\n";
			showEnvVarsInLog = 0;
		};
		97B2543C46352AC5C779E5FF /* [CP] Check Pods Manifest.lock */ = {
			isa = PBXShellScriptBuildPhase;
			buildActionMask = 2147483647;
			files = (
			);
			inputFileListPaths = (
			);
			inputPaths = (
				"${PODS_PODFILE_DIR_PATH}/Podfile.lock",
				"${PODS_ROOT}/Manifest.lock",
			);
			name = "[CP] Check Pods Manifest.lock";
			outputFileListPaths = (
			);
			outputPaths = (
				"$(DERIVED_FILE_DIR)/Pods-FireBaseDemo8-checkManifestLockResult.txt",
			);
			runOnlyForDeploymentPostprocessing = 0;
			shellPath = /bin/sh;
			shellScript = "diff \"${PODS_PODFILE_DIR_PATH}/Podfile.lock\" \"${PODS_ROOT}/Manifest.lock\" > /dev/null\nif [ $? != 0 ] ; then\n    # print error to STDERR\n    echo \"error: The sandbox is not in sync with the Podfile.lock. Run 'pod install' or update your CocoaPods installation.\" >&2\n    exit 1\nfi\n# This output is used by Xcode 'outputs' to avoid re-running this script phase.\necho \"SUCCESS\" > \"${SCRIPT_OUTPUT_FILE_0}\"\n";
			showEnvVarsInLog = 0;
		};
/* End PBXShellScriptBuildPhase section */

/* Begin PBXSourcesBuildPhase section */
		ED64478B26E4030500CC19C5 /* Sources */ = {
			isa = PBXSourcesBuildPhase;
			buildActionMask = 2147483647;
			files = (
				ED64479726E4030500CC19C5 /* ViewController.swift in Sources */,
				ED64479326E4030500CC19C5 /* AppDelegate.swift in Sources */,
				ED64479526E4030500CC19C5 /* SceneDelegate.swift in Sources */,
			);
			runOnlyForDeploymentPostprocessing = 0;
		};
/* End PBXSourcesBuildPhase section */

/* Begin PBXVariantGroup section */
		ED64479826E4030500CC19C5 /* Main.storyboard */ = {
			isa = PBXVariantGroup;
			children = (
				ED64479926E4030500CC19C5 /* Base */,
			);
			name = Main.storyboard;
			sourceTree = "<group>";
		};
		ED64479D26E4030700CC19C5 /* LaunchScreen.storyboard */ = {
			isa = PBXVariantGroup;
			children = (
				ED64479E26E4030700CC19C5 /* Base */,
			);
			name = LaunchScreen.storyboard;
			sourceTree = "<group>";
		};
/* End PBXVariantGroup section */

/* Begin XCBuildConfiguration section */
		ED6447A126E4030700CC19C5 /* Debug */ = {
			isa = XCBuildConfiguration;
			buildSettings = {
				ALWAYS_SEARCH_USER_PATHS = NO;
				CLANG_ANALYZER_NONNULL = YES;
				CLANG_ANALYZER_NUMBER_OBJECT_CONVERSION = YES_AGGRESSIVE;
				CLANG_CXX_LANGUAGE_STANDARD = "gnu++14";
				CLANG_CXX_LIBRARY = "libc++";
				CLANG_ENABLE_MODULES = YES;
				CLANG_ENABLE_OBJC_ARC = YES;
				CLANG_ENABLE_OBJC_WEAK = YES;
				CLANG_WARN_BLOCK_CAPTURE_AUTORELEASING = YES;
				CLANG_WARN_BOOL_CONVERSION = YES;
				CLANG_WARN_COMMA = YES;
				CLANG_WARN_CONSTANT_CONVERSION = YES;
				CLANG_WARN_DEPRECATED_OBJC_IMPLEMENTATIONS = YES;
				CLANG_WARN_DIRECT_OBJC_ISA_USAGE = YES_ERROR;
				CLANG_WARN_DOCUMENTATION_COMMENTS = YES;
				CLANG_WARN_EMPTY_BODY = YES;
				CLANG_WARN_ENUM_CONVERSION = YES;
				CLANG_WARN_INFINITE_RECURSION = YES;
				CLANG_WARN_INT_CONVERSION = YES;
				CLANG_WARN_NON_LITERAL_NULL_CONVERSION = YES;
				CLANG_WARN_OBJC_IMPLICIT_RETAIN_SELF = YES;
				CLANG_WARN_OBJC_LITERAL_CONVERSION = YES;
				CLANG_WARN_OBJC_ROOT_CLASS = YES_ERROR;
				CLANG_WARN_QUOTED_INCLUDE_IN_FRAMEWORK_HEADER = YES;
				CLANG_WARN_RANGE_LOOP_ANALYSIS = YES;
				CLANG_WARN_STRICT_PROTOTYPES = YES;
				CLANG_WARN_SUSPICIOUS_MOVE = YES;
				CLANG_WARN_UNGUARDED_AVAILABILITY = YES_AGGRESSIVE;
				CLANG_WARN_UNREACHABLE_CODE = YES;
				CLANG_WARN__DUPLICATE_METHOD_MATCH = YES;
				COPY_PHASE_STRIP = NO;
				DEBUG_INFORMATION_FORMAT = dwarf;
				ENABLE_STRICT_OBJC_MSGSEND = YES;
				ENABLE_TESTABILITY = YES;
				GCC_C_LANGUAGE_STANDARD = gnu11;
				GCC_DYNAMIC_NO_PIC = NO;
				GCC_NO_COMMON_BLOCKS = YES;
				GCC_OPTIMIZATION_LEVEL = 0;
				GCC_PREPROCESSOR_DEFINITIONS = (
					"DEBUG=1",
					"$(inherited)",
				);
				GCC_WARN_64_TO_32_BIT_CONVERSION = YES;
				GCC_WARN_ABOUT_RETURN_TYPE = YES_ERROR;
				GCC_WARN_UNDECLARED_SELECTOR = YES;
				GCC_WARN_UNINITIALIZED_AUTOS = YES_AGGRESSIVE;
				GCC_WARN_UNUSED_FUNCTION = YES;
				GCC_WARN_UNUSED_VARIABLE = YES;
				IPHONEOS_DEPLOYMENT_TARGET = 14.4;
				MTL_ENABLE_DEBUG_INFO = INCLUDE_SOURCE;
				MTL_FAST_MATH = YES;
				ONLY_ACTIVE_ARCH = YES;
				SDKROOT = iphoneos;
				SWIFT_ACTIVE_COMPILATION_CONDITIONS = DEBUG;
				SWIFT_OPTIMIZATION_LEVEL = "-Onone";
			};
			name = Debug;
		};
		ED6447A226E4030700CC19C5 /* Release */ = {
			isa = XCBuildConfiguration;
			buildSettings = {
				ALWAYS_SEARCH_USER_PATHS = NO;
				CLANG_ANALYZER_NONNULL = YES;
				CLANG_ANALYZER_NUMBER_OBJECT_CONVERSION = YES_AGGRESSIVE;
				CLANG_CXX_LANGUAGE_STANDARD = "gnu++14";
				CLANG_CXX_LIBRARY = "libc++";
				CLANG_ENABLE_MODULES = YES;
				CLANG_ENABLE_OBJC_ARC = YES;
				CLANG_ENABLE_OBJC_WEAK = YES;
				CLANG_WARN_BLOCK_CAPTURE_AUTORELEASING = YES;
				CLANG_WARN_BOOL_CONVERSION = YES;
				CLANG_WARN_COMMA = YES;
				CLANG_WARN_CONSTANT_CONVERSION = YES;
				CLANG_WARN_DEPRECATED_OBJC_IMPLEMENTATIONS = YES;
				CLANG_WARN_DIRECT_OBJC_ISA_USAGE = YES_ERROR;
				CLANG_WARN_DOCUMENTATION_COMMENTS = YES;
				CLANG_WARN_EMPTY_BODY = YES;
				CLANG_WARN_ENUM_CONVERSION = YES;
				CLANG_WARN_INFINITE_RECURSION = YES;
				CLANG_WARN_INT_CONVERSION = YES;
				CLANG_WARN_NON_LITERAL_NULL_CONVERSION = YES;
				CLANG_WARN_OBJC_IMPLICIT_RETAIN_SELF = YES;
				CLANG_WARN_OBJC_LITERAL_CONVERSION = YES;
				CLANG_WARN_OBJC_ROOT_CLASS = YES_ERROR;
				CLANG_WARN_QUOTED_INCLUDE_IN_FRAMEWORK_HEADER = YES;
				CLANG_WARN_RANGE_LOOP_ANALYSIS = YES;
				CLANG_WARN_STRICT_PROTOTYPES = YES;
				CLANG_WARN_SUSPICIOUS_MOVE = YES;
				CLANG_WARN_UNGUARDED_AVAILABILITY = YES_AGGRESSIVE;
				CLANG_WARN_UNREACHABLE_CODE = YES;
				CLANG_WARN__DUPLICATE_METHOD_MATCH = YES;
				COPY_PHASE_STRIP = NO;
				DEBUG_INFORMATION_FORMAT = "dwarf-with-dsym";
				ENABLE_NS_ASSERTIONS = NO;
				ENABLE_STRICT_OBJC_MSGSEND = YES;
				GCC_C_LANGUAGE_STANDARD = gnu11;
				GCC_NO_COMMON_BLOCKS = YES;
				GCC_WARN_64_TO_32_BIT_CONVERSION = YES;
				GCC_WARN_ABOUT_RETURN_TYPE = YES_ERROR;
				GCC_WARN_UNDECLARED_SELECTOR = YES;
				GCC_WARN_UNINITIALIZED_AUTOS = YES_AGGRESSIVE;
				GCC_WARN_UNUSED_FUNCTION = YES;
				GCC_WARN_UNUSED_VARIABLE = YES;
				IPHONEOS_DEPLOYMENT_TARGET = 14.4;
				MTL_ENABLE_DEBUG_INFO = NO;
				MTL_FAST_MATH = YES;
				SDKROOT = iphoneos;
				SWIFT_COMPILATION_MODE = wholemodule;
				SWIFT_OPTIMIZATION_LEVEL = "-O";
				VALIDATE_PRODUCT = YES;
			};
			name = Release;
		};
		ED6447A426E4030700CC19C5 /* Debug */ = {
			isa = XCBuildConfiguration;
			baseConfigurationReference = 523979B97F917BEE51728D86 /* Pods-FireBaseDemo8.debug.xcconfig */;
			buildSettings = {
				ASSETCATALOG_COMPILER_APPICON_NAME = AppIcon;
				ASSETCATALOG_COMPILER_GLOBAL_ACCENT_COLOR_NAME = AccentColor;
				CODE_SIGN_STYLE = Automatic;
				INFOPLIST_FILE = FireBaseDemo8/Info.plist;
				LD_RUNPATH_SEARCH_PATHS = (
					"$(inherited)",
					"@executable_path/Frameworks",
				);
				PRODUCT_BUNDLE_IDENTIFIER = cesar.org.br.FireBaseDemo8;
				PRODUCT_NAME = "$(TARGET_NAME)";
				SWIFT_VERSION = 5.0;
				TARGETED_DEVICE_FAMILY = "1,2";
			};
			name = Debug;
		};
		ED6447A526E4030700CC19C5 /* Release */ = {
			isa = XCBuildConfiguration;
			baseConfigurationReference = C81A982A34B108631592A2AB /* Pods-FireBaseDemo8.release.xcconfig */;
			buildSettings = {
				ASSETCATALOG_COMPILER_APPICON_NAME = AppIcon;
				ASSETCATALOG_COMPILER_GLOBAL_ACCENT_COLOR_NAME = AccentColor;
				CODE_SIGN_STYLE = Automatic;
				INFOPLIST_FILE = FireBaseDemo8/Info.plist;
				LD_RUNPATH_SEARCH_PATHS = (
					"$(inherited)",
					"@executable_path/Frameworks",
				);
				PRODUCT_BUNDLE_IDENTIFIER = cesar.org.br.FireBaseDemo8;
				PRODUCT_NAME = "$(TARGET_NAME)";
				SWIFT_VERSION = 5.0;
				TARGETED_DEVICE_FAMILY = "1,2";
			};
			name = Release;
		};
/* End XCBuildConfiguration section */

/* Begin XCConfigurationList section */
		ED64478A26E4030500CC19C5 /* Build configuration list for PBXProject "FireBaseDemo8" */ = {
			isa = XCConfigurationList;
			buildConfigurations = (
				ED6447A126E4030700CC19C5 /* Debug */,
				ED6447A226E4030700CC19C5 /* Release */,
			);
			defaultConfigurationIsVisible = 0;
			defaultConfigurationName = Release;
		};
		ED6447A326E4030700CC19C5 /* Build configuration list for PBXNativeTarget "FireBaseDemo8" */ = {
			isa = XCConfigurationList;
			buildConfigurations = (
				ED6447A426E4030700CC19C5 /* Debug */,
				ED6447A526E4030700CC19C5 /* Release */,
			);
			defaultConfigurationIsVisible = 0;
			defaultConfigurationName = Release;
		};
/* End XCConfigurationList section */
	};
	rootObject = ED64478726E4030500CC19C5 /* Project object */;
}
