// !$*UTF8*$!
{
	archiveVersion = 1;
	classes = {
	};
	objectVersion = 55;
	objects = {

/* Begin PBXBuildFile section */
		07144286538F3090AC040AAF /* Pods_CocoapodExemplo.framework in Frameworks */ = {isa = PBXBuildFile; fileRef = DEDA18A469343ABAC491863B /* Pods_CocoapodExemplo.framework */; };
		ED3B23D7275BF87000CFCEDD /* AppDelegate.swift in Sources */ = {isa = PBXBuildFile; fileRef = ED3B23D6275BF87000CFCEDD /* AppDelegate.swift */; };
		ED3B23D9275BF87000CFCEDD /* SceneDelegate.swift in Sources */ = {isa = PBXBuildFile; fileRef = ED3B23D8275BF87000CFCEDD /* SceneDelegate.swift */; };
		ED3B23DB275BF87000CFCEDD /* ViewController.swift in Sources */ = {isa = PBXBuildFile; fileRef = ED3B23DA275BF87000CFCEDD /* ViewController.swift */; };
		ED3B23DE275BF87000CFCEDD /* Main.storyboard in Resources */ = {isa = PBXBuildFile; fileRef = ED3B23DC275BF87000CFCEDD /* Main.storyboard */; };
		ED3B23E0275BF87400CFCEDD /* Assets.xcassets in Resources */ = {isa = PBXBuildFile; fileRef = ED3B23DF275BF87400CFCEDD /* Assets.xcassets */; };
		ED3B23E3275BF87400CFCEDD /* LaunchScreen.storyboard in Resources */ = {isa = PBXBuildFile; fileRef = ED3B23E1275BF87400CFCEDD /* LaunchScreen.storyboard */; };
/* End PBXBuildFile section */

/* Begin PBXFileReference section */
		005FF3E5B7BBEF9325496C44 /* Pods-CocoapodExemplo.release.xcconfig */ = {isa = PBXFileReference; includeInIndex = 1; lastKnownFileType = text.xcconfig; name = "Pods-CocoapodExemplo.release.xcconfig"; path = "Target Support Files/Pods-CocoapodExemplo/Pods-CocoapodExemplo.release.xcconfig"; sourceTree = "<group>"; };
		8A4A527396B8039931D0802B /* Pods-CocoapodExemplo.debug.xcconfig */ = {isa = PBXFileReference; includeInIndex = 1; lastKnownFileType = text.xcconfig; name = "Pods-CocoapodExemplo.debug.xcconfig"; path = "Target Support Files/Pods-CocoapodExemplo/Pods-CocoapodExemplo.debug.xcconfig"; sourceTree = "<group>"; };
		DEDA18A469343ABAC491863B /* Pods_CocoapodExemplo.framework */ = {isa = PBXFileReference; explicitFileType = wrapper.framework; includeInIndex = 0; path = Pods_CocoapodExemplo.framework; sourceTree = BUILT_PRODUCTS_DIR; };
		ED3B23D3275BF87000CFCEDD /* CocoapodExemplo.app */ = {isa = PBXFileReference; explicitFileType = wrapper.application; includeInIndex = 0; path = CocoapodExemplo.app; sourceTree = BUILT_PRODUCTS_DIR; };
		ED3B23D6275BF87000CFCEDD /* AppDelegate.swift */ = {isa = PBXFileReference; lastKnownFileType = sourcecode.swift; path = AppDelegate.swift; sourceTree = "<group>"; };
		ED3B23D8275BF87000CFCEDD /* SceneDelegate.swift */ = {isa = PBXFileReference; lastKnownFileType = sourcecode.swift; path = SceneDelegate.swift; sourceTree = "<group>"; };
		ED3B23DA275BF87000CFCEDD /* ViewController.swift */ = {isa = PBXFileReference; lastKnownFileType = sourcecode.swift; path = ViewController.swift; sourceTree = "<group>"; };
		ED3B23DD275BF87000CFCEDD /* Base */ = {isa = PBXFileReference; lastKnownFileType = file.storyboard; name = Base; path = Base.lproj/Main.storyboard; sourceTree = "<group>"; };
		ED3B23DF275BF87400CFCEDD /* Assets.xcassets */ = {isa = PBXFileReference; lastKnownFileType = folder.assetcatalog; path = Assets.xcassets; sourceTree = "<group>"; };
		ED3B23E2275BF87400CFCEDD /* Base */ = {isa = PBXFileReference; lastKnownFileType = file.storyboard; name = Base; path = Base.lproj/LaunchScreen.storyboard; sourceTree = "<group>"; };
		ED3B23E4275BF87400CFCEDD /* Info.plist */ = {isa = PBXFileReference; lastKnownFileType = text.plist.xml; path = Info.plist; sourceTree = "<group>"; };
/* End PBXFileReference section */

/* Begin PBXFrameworksBuildPhase section */
		ED3B23D0275BF87000CFCEDD /* Frameworks */ = {
			isa = PBXFrameworksBuildPhase;
			buildActionMask = 2147483647;
			files = (
				07144286538F3090AC040AAF /* Pods_CocoapodExemplo.framework in Frameworks */,
			);
			runOnlyForDeploymentPostprocessing = 0;
		};
/* End PBXFrameworksBuildPhase section */

/* Begin PBXGroup section */
		7E76222E27F19D04274C31DD /* Pods */ = {
			isa = PBXGroup;
			children = (
				8A4A527396B8039931D0802B /* Pods-CocoapodExemplo.debug.xcconfig */,
				005FF3E5B7BBEF9325496C44 /* Pods-CocoapodExemplo.release.xcconfig */,
			);
			name = Pods;
			path = Pods;
			sourceTree = "<group>";
		};
		C483BDBF22EE7D454008A5C4 /* Frameworks */ = {
			isa = PBXGroup;
			children = (
				DEDA18A469343ABAC491863B /* Pods_CocoapodExemplo.framework */,
			);
			name = Frameworks;
			sourceTree = "<group>";
		};
		ED3B23CA275BF87000CFCEDD = {
			isa = PBXGroup;
			children = (
				ED3B23D5275BF87000CFCEDD /* CocoapodExemplo */,
				ED3B23D4275BF87000CFCEDD /* Products */,
				7E76222E27F19D04274C31DD /* Pods */,
				C483BDBF22EE7D454008A5C4 /* Frameworks */,
			);
			sourceTree = "<group>";
		};
		ED3B23D4275BF87000CFCEDD /* Products */ = {
			isa = PBXGroup;
			children = (
				ED3B23D3275BF87000CFCEDD /* CocoapodExemplo.app */,
			);
			name = Products;
			sourceTree = "<group>";
		};
		ED3B23D5275BF87000CFCEDD /* CocoapodExemplo */ = {
			isa = PBXGroup;
			children = (
				ED3B23D6275BF87000CFCEDD /* AppDelegate.swift */,
				ED3B23D8275BF87000CFCEDD /* SceneDelegate.swift */,
				ED3B23DA275BF87000CFCEDD /* ViewController.swift */,
				ED3B23DC275BF87000CFCEDD /* Main.storyboard */,
				ED3B23DF275BF87400CFCEDD /* Assets.xcassets */,
				ED3B23E1275BF87400CFCEDD /* LaunchScreen.storyboard */,
				ED3B23E4275BF87400CFCEDD /* Info.plist */,
			);
			path = CocoapodExemplo;
			sourceTree = "<group>";
		};
/* End PBXGroup section */

/* Begin PBXNativeTarget section */
		ED3B23D2275BF87000CFCEDD /* CocoapodExemplo */ = {
			isa = PBXNativeTarget;
			buildConfigurationList = ED3B23E7275BF87400CFCEDD /* Build configuration list for PBXNativeTarget "CocoapodExemplo" */;
			buildPhases = (
				E305913A4E08DA6E4011C7E4 /* [CP] Check Pods Manifest.lock */,
				ED3B23CF275BF87000CFCEDD /* Sources */,
				ED3B23D0275BF87000CFCEDD /* Frameworks */,
				ED3B23D1275BF87000CFCEDD /* Resources */,
				96C214AE399AEE985DF85E3B /* [CP] Embed Pods Frameworks */,
			);
			buildRules = (
			);
			dependencies = (
			);
			name = CocoapodExemplo;
			productName = CocoapodExemplo;
			productReference = ED3B23D3275BF87000CFCEDD /* CocoapodExemplo.app */;
			productType = "com.apple.product-type.application";
		};
/* End PBXNativeTarget section */

/* Begin PBXProject section */
		ED3B23CB275BF87000CFCEDD /* Project object */ = {
			isa = PBXProject;
			attributes = {
				BuildIndependentTargetsInParallel = 1;
				LastSwiftUpdateCheck = 1310;
				LastUpgradeCheck = 1310;
				TargetAttributes = {
					ED3B23D2275BF87000CFCEDD = {
						CreatedOnToolsVersion = 13.1;
					};
				};
			};
			buildConfigurationList = ED3B23CE275BF87000CFCEDD /* Build configuration list for PBXProject "CocoapodExemplo" */;
			compatibilityVersion = "Xcode 13.0";
			developmentRegion = en;
			hasScannedForEncodings = 0;
			knownRegions = (
				en,
				Base,
			);
			mainGroup = ED3B23CA275BF87000CFCEDD;
			productRefGroup = ED3B23D4275BF87000CFCEDD /* Products */;
			projectDirPath = "";
			projectRoot = "";
			targets = (
				ED3B23D2275BF87000CFCEDD /* CocoapodExemplo */,
			);
		};
/* End PBXProject section */

/* Begin PBXResourcesBuildPhase section */
		ED3B23D1275BF87000CFCEDD /* Resources */ = {
			isa = PBXResourcesBuildPhase;
			buildActionMask = 2147483647;
			files = (
				ED3B23E3275BF87400CFCEDD /* LaunchScreen.storyboard in Resources */,
				ED3B23E0275BF87400CFCEDD /* Assets.xcassets in Resources */,
				ED3B23DE275BF87000CFCEDD /* Main.storyboard in Resources */,
			);
			runOnlyForDeploymentPostprocessing = 0;
		};
/* End PBXResourcesBuildPhase section */

/* Begin PBXShellScriptBuildPhase section */
		96C214AE399AEE985DF85E3B /* [CP] Embed Pods Frameworks */ = {
			isa = PBXShellScriptBuildPhase;
			buildActionMask = 2147483647;
			files = (
			);
			inputFileListPaths = (
				"${PODS_ROOT}/Target Support Files/Pods-CocoapodExemplo/Pods-CocoapodExemplo-frameworks-${CONFIGURATION}-input-files.xcfilelist",
			);
			name = "[CP] Embed Pods Frameworks";
			outputFileListPaths = (
				"${PODS_ROOT}/Target Support Files/Pods-CocoapodExemplo/Pods-CocoapodExemplo-frameworks-${CONFIGURATION}-output-files.xcfilelist",
			);
			runOnlyForDeploymentPostprocessing = 0;
			shellPath = /bin/sh;
			shellScript = "\"${PODS_ROOT}/Target Support Files/Pods-CocoapodExemplo/Pods-CocoapodExemplo-frameworks.sh\"\n";
			showEnvVarsInLog = 0;
		};
		E305913A4E08DA6E4011C7E4 /* [CP] Check Pods Manifest.lock */ = {
			isa = PBXShellScriptBuildPhase;
			buildActionMask = 2147483647;
			files = (
			);
			inputFileListPaths = (
			);
			inputPaths = (
				"${PODS_PODFILE_DIR_PATH}/Podfile.lock",
				"${PODS_ROOT}/Manifest.lock",
			);
			name = "[CP] Check Pods Manifest.lock";
			outputFileListPaths = (
			);
			outputPaths = (
				"$(DERIVED_FILE_DIR)/Pods-CocoapodExemplo-checkManifestLockResult.txt",
			);
			runOnlyForDeploymentPostprocessing = 0;
			shellPath = /bin/sh;
			shellScript = "diff \"${PODS_PODFILE_DIR_PATH}/Podfile.lock\" \"${PODS_ROOT}/Manifest.lock\" > /dev/null\nif [ $? != 0 ] ; then\n    # print error to STDERR\n    echo \"error: The sandbox is not in sync with the Podfile.lock. Run 'pod install' or update your CocoaPods installation.\" >&2\n    exit 1\nfi\n# This output is used by Xcode 'outputs' to avoid re-running this script phase.\necho \"SUCCESS\" > \"${SCRIPT_OUTPUT_FILE_0}\"\n";
			showEnvVarsInLog = 0;
		};
/* End PBXShellScriptBuildPhase section */

/* Begin PBXSourcesBuildPhase section */
		ED3B23CF275BF87000CFCEDD /* Sources */ = {
			isa = PBXSourcesBuildPhase;
			buildActionMask = 2147483647;
			files = (
				ED3B23DB275BF87000CFCEDD /* ViewController.swift in Sources */,
				ED3B23D7275BF87000CFCEDD /* AppDelegate.swift in Sources */,
				ED3B23D9275BF87000CFCEDD /* SceneDelegate.swift in Sources */,
			);
			runOnlyForDeploymentPostprocessing = 0;
		};
/* End PBXSourcesBuildPhase section */

/* Begin PBXVariantGroup section */
		ED3B23DC275BF87000CFCEDD /* Main.storyboard */ = {
			isa = PBXVariantGroup;
			children = (
				ED3B23DD275BF87000CFCEDD /* Base */,
			);
			name = Main.storyboard;
			sourceTree = "<group>";
		};
		ED3B23E1275BF87400CFCEDD /* LaunchScreen.storyboard */ = {
			isa = PBXVariantGroup;
			children = (
				ED3B23E2275BF87400CFCEDD /* Base */,
			);
			name = LaunchScreen.storyboard;
			sourceTree = "<group>";
		};
/* End PBXVariantGroup section */

/* Begin XCBuildConfiguration section */
		ED3B23E5275BF87400CFCEDD /* Debug */ = {
			isa = XCBuildConfiguration;
			buildSettings = {
				ALWAYS_SEARCH_USER_PATHS = NO;
				CLANG_ANALYZER_NONNULL = YES;
				CLANG_ANALYZER_NUMBER_OBJECT_CONVERSION = YES_AGGRESSIVE;
				CLANG_CXX_LANGUAGE_STANDARD = "gnu++17";
				CLANG_CXX_LIBRARY = "libc++";
				CLANG_ENABLE_MODULES = YES;
				CLANG_ENABLE_OBJC_ARC = YES;
				CLANG_ENABLE_OBJC_WEAK = YES;
				CLANG_WARN_BLOCK_CAPTURE_AUTORELEASING = YES;
				CLANG_WARN_BOOL_CONVERSION = YES;
				CLANG_WARN_COMMA = YES;
				CLANG_WARN_CONSTANT_CONVERSION = YES;
				CLANG_WARN_DEPRECATED_OBJC_IMPLEMENTATIONS = YES;
				CLANG_WARN_DIRECT_OBJC_ISA_USAGE = YES_ERROR;
				CLANG_WARN_DOCUMENTATION_COMMENTS = YES;
				CLANG_WARN_EMPTY_BODY = YES;
				CLANG_WARN_ENUM_CONVERSION = YES;
				CLANG_WARN_INFINITE_RECURSION = YES;
				CLANG_WARN_INT_CONVERSION = YES;
				CLANG_WARN_NON_LITERAL_NULL_CONVERSION = YES;
				CLANG_WARN_OBJC_IMPLICIT_RETAIN_SELF = YES;
				CLANG_WARN_OBJC_LITERAL_CONVERSION = YES;
				CLANG_WARN_OBJC_ROOT_CLASS = YES_ERROR;
				CLANG_WARN_QUOTED_INCLUDE_IN_FRAMEWORK_HEADER = YES;
				CLANG_WARN_RANGE_LOOP_ANALYSIS = YES;
				CLANG_WARN_STRICT_PROTOTYPES = YES;
				CLANG_WARN_SUSPICIOUS_MOVE = YES;
				CLANG_WARN_UNGUARDED_AVAILABILITY = YES_AGGRESSIVE;
				CLANG_WARN_UNREACHABLE_CODE = YES;
				CLANG_WARN__DUPLICATE_METHOD_MATCH = YES;
				COPY_PHASE_STRIP = NO;
				DEBUG_INFORMATION_FORMAT = dwarf;
				ENABLE_STRICT_OBJC_MSGSEND = YES;
				ENABLE_TESTABILITY = YES;
				GCC_C_LANGUAGE_STANDARD = gnu11;
				GCC_DYNAMIC_NO_PIC = NO;
				GCC_NO_COMMON_BLOCKS = YES;
				GCC_OPTIMIZATION_LEVEL = 0;
				GCC_PREPROCESSOR_DEFINITIONS = (
					"DEBUG=1",
					"$(inherited)",
				);
				GCC_WARN_64_TO_32_BIT_CONVERSION = YES;
				GCC_WARN_ABOUT_RETURN_TYPE = YES_ERROR;
				GCC_WARN_UNDECLARED_SELECTOR = YES;
				GCC_WARN_UNINITIALIZED_AUTOS = YES_AGGRESSIVE;
				GCC_WARN_UNUSED_FUNCTION = YES;
				GCC_WARN_UNUSED_VARIABLE = YES;
				IPHONEOS_DEPLOYMENT_TARGET = 15.0;
				MTL_ENABLE_DEBUG_INFO = INCLUDE_SOURCE;
				MTL_FAST_MATH = YES;
				ONLY_ACTIVE_ARCH = YES;
				SDKROOT = iphoneos;
				SWIFT_ACTIVE_COMPILATION_CONDITIONS = DEBUG;
				SWIFT_OPTIMIZATION_LEVEL = "-Onone";
			};
			name = Debug;
		};
		ED3B23E6275BF87400CFCEDD /* Release */ = {
			isa = XCBuildConfiguration;
			buildSettings = {
				ALWAYS_SEARCH_USER_PATHS = NO;
				CLANG_ANALYZER_NONNULL = YES;
				CLANG_ANALYZER_NUMBER_OBJECT_CONVERSION = YES_AGGRESSIVE;
				CLANG_CXX_LANGUAGE_STANDARD = "gnu++17";
				CLANG_CXX_LIBRARY = "libc++";
				CLANG_ENABLE_MODULES = YES;
				CLANG_ENABLE_OBJC_ARC = YES;
				CLANG_ENABLE_OBJC_WEAK = YES;
				CLANG_WARN_BLOCK_CAPTURE_AUTORELEASING = YES;
				CLANG_WARN_BOOL_CONVERSION = YES;
				CLANG_WARN_COMMA = YES;
				CLANG_WARN_CONSTANT_CONVERSION = YES;
				CLANG_WARN_DEPRECATED_OBJC_IMPLEMENTATIONS = YES;
				CLANG_WARN_DIRECT_OBJC_ISA_USAGE = YES_ERROR;
				CLANG_WARN_DOCUMENTATION_COMMENTS = YES;
				CLANG_WARN_EMPTY_BODY = YES;
				CLANG_WARN_ENUM_CONVERSION = YES;
				CLANG_WARN_INFINITE_RECURSION = YES;
				CLANG_WARN_INT_CONVERSION = YES;
				CLANG_WARN_NON_LITERAL_NULL_CONVERSION = YES;
				CLANG_WARN_OBJC_IMPLICIT_RETAIN_SELF = YES;
				CLANG_WARN_OBJC_LITERAL_CONVERSION = YES;
				CLANG_WARN_OBJC_ROOT_CLASS = YES_ERROR;
				CLANG_WARN_QUOTED_INCLUDE_IN_FRAMEWORK_HEADER = YES;
				CLANG_WARN_RANGE_LOOP_ANALYSIS = YES;
				CLANG_WARN_STRICT_PROTOTYPES = YES;
				CLANG_WARN_SUSPICIOUS_MOVE = YES;
				CLANG_WARN_UNGUARDED_AVAILABILITY = YES_AGGRESSIVE;
				CLANG_WARN_UNREACHABLE_CODE = YES;
				CLANG_WARN__DUPLICATE_METHOD_MATCH = YES;
				COPY_PHASE_STRIP = NO;
				DEBUG_INFORMATION_FORMAT = "dwarf-with-dsym";
				ENABLE_NS_ASSERTIONS = NO;
				ENABLE_STRICT_OBJC_MSGSEND = YES;
				GCC_C_LANGUAGE_STANDARD = gnu11;
				GCC_NO_COMMON_BLOCKS = YES;
				GCC_WARN_64_TO_32_BIT_CONVERSION = YES;
				GCC_WARN_ABOUT_RETURN_TYPE = YES_ERROR;
				GCC_WARN_UNDECLARED_SELECTOR = YES;
				GCC_WARN_UNINITIALIZED_AUTOS = YES_AGGRESSIVE;
				GCC_WARN_UNUSED_FUNCTION = YES;
				GCC_WARN_UNUSED_VARIABLE = YES;
				IPHONEOS_DEPLOYMENT_TARGET = 15.0;
				MTL_ENABLE_DEBUG_INFO = NO;
				MTL_FAST_MATH = YES;
				SDKROOT = iphoneos;
				SWIFT_COMPILATION_MODE = wholemodule;
				SWIFT_OPTIMIZATION_LEVEL = "-O";
				VALIDATE_PRODUCT = YES;
			};
			name = Release;
		};
		ED3B23E8275BF87400CFCEDD /* Debug */ = {
			isa = XCBuildConfiguration;
			baseConfigurationReference = 8A4A527396B8039931D0802B /* Pods-CocoapodExemplo.debug.xcconfig */;
			buildSettings = {
				ASSETCATALOG_COMPILER_APPICON_NAME = AppIcon;
				ASSETCATALOG_COMPILER_GLOBAL_ACCENT_COLOR_NAME = AccentColor;
				CODE_SIGN_STYLE = Automatic;
				CURRENT_PROJECT_VERSION = 1;
				GENERATE_INFOPLIST_FILE = YES;
				INFOPLIST_FILE = CocoapodExemplo/Info.plist;
				INFOPLIST_KEY_UIApplicationSupportsIndirectInputEvents = YES;
				INFOPLIST_KEY_UILaunchStoryboardName = LaunchScreen;
				INFOPLIST_KEY_UIMainStoryboardFile = Main;
				INFOPLIST_KEY_UISupportedInterfaceOrientations_iPad = "UIInterfaceOrientationPortrait UIInterfaceOrientationPortraitUpsideDown UIInterfaceOrientationLandscapeLeft UIInterfaceOrientationLandscapeRight";
				INFOPLIST_KEY_UISupportedInterfaceOrientations_iPhone = "UIInterfaceOrientationPortrait UIInterfaceOrientationLandscapeLeft UIInterfaceOrientationLandscapeRight";
				LD_RUNPATH_SEARCH_PATHS = (
					"$(inherited)",
					"@executable_path/Frameworks",
				);
				MARKETING_VERSION = 1.0;
				PRODUCT_BUNDLE_IDENTIFIER = cesar.school.CocoapodExemplo;
				PRODUCT_NAME = "$(TARGET_NAME)";
				SWIFT_EMIT_LOC_STRINGS = YES;
				SWIFT_VERSION = 5.0;
				TARGETED_DEVICE_FAMILY = "1,2";
			};
			name = Debug;
		};
		ED3B23E9275BF87400CFCEDD /* Release */ = {
			isa = XCBuildConfiguration;
			baseConfigurationReference = 005FF3E5B7BBEF9325496C44 /* Pods-CocoapodExemplo.release.xcconfig */;
			buildSettings = {
				ASSETCATALOG_COMPILER_APPICON_NAME = AppIcon;
				ASSETCATALOG_COMPILER_GLOBAL_ACCENT_COLOR_NAME = AccentColor;
				CODE_SIGN_STYLE = Automatic;
				CURRENT_PROJECT_VERSION = 1;
				GENERATE_INFOPLIST_FILE = YES;
				INFOPLIST_FILE = CocoapodExemplo/Info.plist;
				INFOPLIST_KEY_UIApplicationSupportsIndirectInputEvents = YES;
				INFOPLIST_KEY_UILaunchStoryboardName = LaunchScreen;
				INFOPLIST_KEY_UIMainStoryboardFile = Main;
				INFOPLIST_KEY_UISupportedInterfaceOrientations_iPad = "UIInterfaceOrientationPortrait UIInterfaceOrientationPortraitUpsideDown UIInterfaceOrientationLandscapeLeft UIInterfaceOrientationLandscapeRight";
				INFOPLIST_KEY_UISupportedInterfaceOrientations_iPhone = "UIInterfaceOrientationPortrait UIInterfaceOrientationLandscapeLeft UIInterfaceOrientationLandscapeRight";
				LD_RUNPATH_SEARCH_PATHS = (
					"$(inherited)",
					"@executable_path/Frameworks",
				);
				MARKETING_VERSION = 1.0;
				PRODUCT_BUNDLE_IDENTIFIER = cesar.school.CocoapodExemplo;
				PRODUCT_NAME = "$(TARGET_NAME)";
				SWIFT_EMIT_LOC_STRINGS = YES;
				SWIFT_VERSION = 5.0;
				TARGETED_DEVICE_FAMILY = "1,2";
			};
			name = Release;
		};
/* End XCBuildConfiguration section */

/* Begin XCConfigurationList section */
		ED3B23CE275BF87000CFCEDD /* Build configuration list for PBXProject "CocoapodExemplo" */ = {
			isa = XCConfigurationList;
			buildConfigurations = (
				ED3B23E5275BF87400CFCEDD /* Debug */,
				ED3B23E6275BF87400CFCEDD /* Release */,
			);
			defaultConfigurationIsVisible = 0;
			defaultConfigurationName = Release;
		};
		ED3B23E7275BF87400CFCEDD /* Build configuration list for PBXNativeTarget "CocoapodExemplo" */ = {
			isa = XCConfigurationList;
			buildConfigurations = (
				ED3B23E8275BF87400CFCEDD /* Debug */,
				ED3B23E9275BF87400CFCEDD /* Release */,
			);
			defaultConfigurationIsVisible = 0;
			defaultConfigurationName = Release;
		};
/* End XCConfigurationList section */
	};
	rootObject = ED3B23CB275BF87000CFCEDD /* Project object */;
}
